
Microsoft Visual Studio Solution File, Format Version 12.00
# Visual Studio Version 17
VisualStudioVersion = 17.10.35004.147
MinimumVisualStudioVersion = 10.0.40219.1
Project("{FAE04EC0-301F-11D3-BF4B-00C04F79EFBC}") = "Client", "Client\Client.csproj", "{B240067C-C1C3-4809-AC0B-3815AF3DDC33}"
EndProject
Project("{54435603-DBB4-11D2-8724-00A0C9A8B90C}") = "FUJIMED", "FUJIMED\FUJIMED.vdproj", "{6FFA83CD-7CB0-02E6-A016-855491E16FA1}"
EndProject
Global
	GlobalSection(SolutionConfigurationPlatforms) = preSolution
		Debug|Any CPU = Debug|Any CPU
		Debug|x64 = Debug|x64
		Release|Any CPU = Release|Any CPU
		Release|x64 = Release|x64
	EndGlobalSection
	GlobalSection(ProjectConfigurationPlatforms) = postSolution
		{B240067C-C1C3-4809-AC0B-3815AF3DDC33}.Debug|Any CPU.ActiveCfg = Debug|Any CPU
		{B240067C-C1C3-4809-AC0B-3815AF3DDC33}.Debug|Any CPU.Build.0 = Debug|Any CPU
		{B240067C-C1C3-4809-AC0B-3815AF3DDC33}.Debug|x64.ActiveCfg = Debug|x64
		{B240067C-C1C3-4809-AC0B-3815AF3DDC33}.Debug|x64.Build.0 = Debug|x64
		{B240067C-C1C3-4809-AC0B-3815AF3DDC33}.Release|Any CPU.ActiveCfg = Release|Any CPU
		{B240067C-C1C3-4809-AC0B-3815AF3DDC33}.Release|Any CPU.Build.0 = Release|Any CPU
		{B240067C-C1C3-4809-AC0B-3815AF3DDC33}.Release|x64.ActiveCfg = Release|x64
		{B240067C-C1C3-4809-AC0B-3815AF3DDC33}.Release|x64.Build.0 = Release|x64
		{6FFA83CD-7CB0-02E6-A016-855491E16FA1}.Debug|Any CPU.ActiveCfg = Release
		{6FFA83CD-7CB0-02E6-A016-855491E16FA1}.Debug|Any CPU.Build.0 = Release
		{6FFA83CD-7CB0-02E6-A016-855491E16FA1}.Debug|x64.ActiveCfg = Debug
		{6FFA83CD-7CB0-02E6-A016-855491E16FA1}.Release|Any CPU.ActiveCfg = Release
		{6FFA83CD-7CB0-02E6-A016-855491E16FA1}.Release|x64.ActiveCfg = Release
	EndGlobalSection
	GlobalSection(SolutionProperties) = preSolution
		HideSolutionNode = FALSE
	EndGlobalSection
	GlobalSection(ExtensibilityGlobals) = postSolution
		SolutionGuid = {324EF8E8-FCD5-46D9-8ADC-C722662E2C21}
	EndGlobalSection
EndGlobal
